
Microsoft Visual Studio Solution File, Format Version 12.00
# Visual Studio Version 17
VisualStudioVersion = 17.1.32414.318
MinimumVisualStudioVersion = 10.0.40219.1
Project("{FAE04EC0-301F-11D3-BF4B-00C04F79EFBC}") = "backend", "backend\backend.csproj", "{4AC45CB2-4270-4B9F-A0A8-6C7CB410CC5F}"
EndProject
Global
	GlobalSection(SolutionConfigurationPlatforms) = preSolution
		Debug|Any CPU = Debug|Any CPU
		Release|Any CPU = Release|Any CPU
	EndGlobalSection
	GlobalSection(ProjectConfigurationPlatforms) = postSolution
		{4AC45CB2-4270-4B9F-A0A8-6C7CB410CC5F}.Debug|Any CPU.ActiveCfg = Debug|Any CPU
		{4AC45CB2-4270-4B9F-A0A8-6C7CB410CC5F}.Debug|Any CPU.Build.0 = Debug|Any CPU
		{4AC45CB2-4270-4B9F-A0A8-6C7CB410CC5F}.Release|Any CPU.ActiveCfg = Release|Any CPU
		{4AC45CB2-4270-4B9F-A0A8-6C7CB410CC5F}.Release|Any CPU.Build.0 = Release|Any CPU
	EndGlobalSection
	GlobalSection(SolutionProperties) = preSolution
		HideSolutionNode = FALSE
	EndGlobalSection
	GlobalSection(ExtensibilityGlobals) = postSolution
		SolutionGuid = {EC534B68-8198-4EAA-8400-F02FBB8B5B50}
	EndGlobalSection
EndGlobal
